// !$*UTF8*$!
{
	archiveVersion = 1;
	classes = {
	};
	objectVersion = 56;
	objects = {

/* Begin PBXBuildFile section */
		27BAF2B132B3435AA8BFC3AF /* Pods_FindMovie.framework in Frameworks */ = {isa = PBXBuildFile; fileRef = 538345FDD6F63847847445F5 /* Pods_FindMovie.framework */; };
		7C4FAD52C5F19AB52B18E5CA /* Pods_FindMovie_FindMovieUITests.framework in Frameworks */ = {isa = PBXBuildFile; fileRef = 555CADFA9777F26897B4191C /* Pods_FindMovie_FindMovieUITests.framework */; };
		B03410E12B89AA8900A3D160 /* AppDelegate.swift in Sources */ = {isa = PBXBuildFile; fileRef = B03410E02B89AA8900A3D160 /* AppDelegate.swift */; };
		B03410E32B89AA8900A3D160 /* SceneDelegate.swift in Sources */ = {isa = PBXBuildFile; fileRef = B03410E22B89AA8900A3D160 /* SceneDelegate.swift */; };
		B03410EA2B89AA8B00A3D160 /* Assets.xcassets in Resources */ = {isa = PBXBuildFile; fileRef = B03410E92B89AA8B00A3D160 /* Assets.xcassets */; };
		B03410ED2B89AA8B00A3D160 /* LaunchScreen.storyboard in Resources */ = {isa = PBXBuildFile; fileRef = B03410EB2B89AA8B00A3D160 /* LaunchScreen.storyboard */; };
		B03410F82B89AA8B00A3D160 /* FindMovieTests.swift in Sources */ = {isa = PBXBuildFile; fileRef = B03410F72B89AA8B00A3D160 /* FindMovieTests.swift */; };
		B03411022B89AA8B00A3D160 /* FindMovieUITests.swift in Sources */ = {isa = PBXBuildFile; fileRef = B03411012B89AA8B00A3D160 /* FindMovieUITests.swift */; };
		B03411042B89AA8B00A3D160 /* FindMovieUITestsLaunchTests.swift in Sources */ = {isa = PBXBuildFile; fileRef = B03411032B89AA8B00A3D160 /* FindMovieUITestsLaunchTests.swift */; };
		B03411152B89B07D00A3D160 /* FindMovieViewController.swift in Sources */ = {isa = PBXBuildFile; fileRef = B03411142B89B07D00A3D160 /* FindMovieViewController.swift */; };
		B03411192B89B42400A3D160 /* ImageView.swift in Sources */ = {isa = PBXBuildFile; fileRef = B03411182B89B42400A3D160 /* ImageView.swift */; };
		B034111B2B89B49F00A3D160 /* LabelView.swift in Sources */ = {isa = PBXBuildFile; fileRef = B034111A2B89B49F00A3D160 /* LabelView.swift */; };
		B034111D2B89B4E600A3D160 /* StackView.swift in Sources */ = {isa = PBXBuildFile; fileRef = B034111C2B89B4E600A3D160 /* StackView.swift */; };
		B03411242B89C63A00A3D160 /* MovieItemsCollectionViewCell.swift in Sources */ = {isa = PBXBuildFile; fileRef = B03411232B89C63A00A3D160 /* MovieItemsCollectionViewCell.swift */; };
		B03411272B89D7F000A3D160 /* AlamofireHttpClient.swift in Sources */ = {isa = PBXBuildFile; fileRef = B03411262B89D7F000A3D160 /* AlamofireHttpClient.swift */; };
		B03411292B89D81300A3D160 /* RestApi.swift in Sources */ = {isa = PBXBuildFile; fileRef = B03411282B89D81300A3D160 /* RestApi.swift */; };
		B034112C2B89D8DE00A3D160 /* Combine+Ext.swift in Sources */ = {isa = PBXBuildFile; fileRef = B034112B2B89D8DE00A3D160 /* Combine+Ext.swift */; };
		B034112F2B89DAAA00A3D160 /* FindMovieUseCase.swift in Sources */ = {isa = PBXBuildFile; fileRef = B034112E2B89DAAA00A3D160 /* FindMovieUseCase.swift */; };
		B03411342B89DF2F00A3D160 /* FindMovieResponse.swift in Sources */ = {isa = PBXBuildFile; fileRef = B03411332B89DF2F00A3D160 /* FindMovieResponse.swift */; };
		B03411362B89DF5600A3D160 /* FindMovieRequest.swift in Sources */ = {isa = PBXBuildFile; fileRef = B03411352B89DF5600A3D160 /* FindMovieRequest.swift */; };
		B03411392B89E05C00A3D160 /* FindMovieEntity.swift in Sources */ = {isa = PBXBuildFile; fileRef = B03411382B89E05C00A3D160 /* FindMovieEntity.swift */; };
		B034113B2B89E2F600A3D160 /* FindMovieProcessor.swift in Sources */ = {isa = PBXBuildFile; fileRef = B034113A2B89E2F600A3D160 /* FindMovieProcessor.swift */; };
		B034113E2B89EABF00A3D160 /* ApiConfigManager.swift in Sources */ = {isa = PBXBuildFile; fileRef = B034113D2B89EABF00A3D160 /* ApiConfigManager.swift */; };
		B03411402B89EBFF00A3D160 /* FindMovieViewModel.swift in Sources */ = {isa = PBXBuildFile; fileRef = B034113F2B89EBFF00A3D160 /* FindMovieViewModel.swift */; };
		B03411422B8A08E700A3D160 /* ViewTypes.swift in Sources */ = {isa = PBXBuildFile; fileRef = B03411412B8A08E700A3D160 /* ViewTypes.swift */; };
		B03411442B8A560C00A3D160 /* String+Ext.swift in Sources */ = {isa = PBXBuildFile; fileRef = B03411432B8A560C00A3D160 /* String+Ext.swift */; };
		B03411482B8B16C300A3D160 /* NetworkManager.swift in Sources */ = {isa = PBXBuildFile; fileRef = B03411472B8B16C300A3D160 /* NetworkManager.swift */; };
		B034114A2B8B19B800A3D160 /* ViewController+Ext.swift in Sources */ = {isa = PBXBuildFile; fileRef = B03411492B8B19B800A3D160 /* ViewController+Ext.swift */; };
		CA18726CB9148211EDCC07A9 /* Pods_FindMovieTests.framework in Frameworks */ = {isa = PBXBuildFile; fileRef = A6672C22B83CA92C1799BC01 /* Pods_FindMovieTests.framework */; };
/* End PBXBuildFile section */

/* Begin PBXContainerItemProxy section */
		B03410F42B89AA8B00A3D160 /* PBXContainerItemProxy */ = {
			isa = PBXContainerItemProxy;
			containerPortal = B03410D52B89AA8900A3D160 /* Project object */;
			proxyType = 1;
			remoteGlobalIDString = B03410DC2B89AA8900A3D160;
			remoteInfo = FindMovie;
		};
		B03410FE2B89AA8B00A3D160 /* PBXContainerItemProxy */ = {
			isa = PBXContainerItemProxy;
			containerPortal = B03410D52B89AA8900A3D160 /* Project object */;
			proxyType = 1;
			remoteGlobalIDString = B03410DC2B89AA8900A3D160;
			remoteInfo = FindMovie;
		};
/* End PBXContainerItemProxy section */

/* Begin PBXFileReference section */
		2215B2E2814D7655441F3078 /* Pods-FindMovie.release.xcconfig */ = {isa = PBXFileReference; includeInIndex = 1; lastKnownFileType = text.xcconfig; name = "Pods-FindMovie.release.xcconfig"; path = "Target Support Files/Pods-FindMovie/Pods-FindMovie.release.xcconfig"; sourceTree = "<group>"; };
		240859950030DCD7C96447EF /* Pods-FindMovieTests.debug.xcconfig */ = {isa = PBXFileReference; includeInIndex = 1; lastKnownFileType = text.xcconfig; name = "Pods-FindMovieTests.debug.xcconfig"; path = "Target Support Files/Pods-FindMovieTests/Pods-FindMovieTests.debug.xcconfig"; sourceTree = "<group>"; };
		41082A4FE808CE2C2F6CD78D /* Pods-FindMovie.debug.xcconfig */ = {isa = PBXFileReference; includeInIndex = 1; lastKnownFileType = text.xcconfig; name = "Pods-FindMovie.debug.xcconfig"; path = "Target Support Files/Pods-FindMovie/Pods-FindMovie.debug.xcconfig"; sourceTree = "<group>"; };
		538345FDD6F63847847445F5 /* Pods_FindMovie.framework */ = {isa = PBXFileReference; explicitFileType = wrapper.framework; includeInIndex = 0; path = Pods_FindMovie.framework; sourceTree = BUILT_PRODUCTS_DIR; };
		555CADFA9777F26897B4191C /* Pods_FindMovie_FindMovieUITests.framework */ = {isa = PBXFileReference; explicitFileType = wrapper.framework; includeInIndex = 0; path = Pods_FindMovie_FindMovieUITests.framework; sourceTree = BUILT_PRODUCTS_DIR; };
		A6592D849CE2FC0E97BF6874 /* Pods-FindMovie-FindMovieUITests.release.xcconfig */ = {isa = PBXFileReference; includeInIndex = 1; lastKnownFileType = text.xcconfig; name = "Pods-FindMovie-FindMovieUITests.release.xcconfig"; path = "Target Support Files/Pods-FindMovie-FindMovieUITests/Pods-FindMovie-FindMovieUITests.release.xcconfig"; sourceTree = "<group>"; };
		A6672C22B83CA92C1799BC01 /* Pods_FindMovieTests.framework */ = {isa = PBXFileReference; explicitFileType = wrapper.framework; includeInIndex = 0; path = Pods_FindMovieTests.framework; sourceTree = BUILT_PRODUCTS_DIR; };
		B03410DD2B89AA8900A3D160 /* FindMovie.app */ = {isa = PBXFileReference; explicitFileType = wrapper.application; includeInIndex = 0; path = FindMovie.app; sourceTree = BUILT_PRODUCTS_DIR; };
		B03410E02B89AA8900A3D160 /* AppDelegate.swift */ = {isa = PBXFileReference; lastKnownFileType = sourcecode.swift; path = AppDelegate.swift; sourceTree = "<group>"; };
		B03410E22B89AA8900A3D160 /* SceneDelegate.swift */ = {isa = PBXFileReference; lastKnownFileType = sourcecode.swift; path = SceneDelegate.swift; sourceTree = "<group>"; };
		B03410E92B89AA8B00A3D160 /* Assets.xcassets */ = {isa = PBXFileReference; lastKnownFileType = folder.assetcatalog; path = Assets.xcassets; sourceTree = "<group>"; };
		B03410EC2B89AA8B00A3D160 /* Base */ = {isa = PBXFileReference; lastKnownFileType = file.storyboard; name = Base; path = Base.lproj/LaunchScreen.storyboard; sourceTree = "<group>"; };
		B03410EE2B89AA8B00A3D160 /* Info.plist */ = {isa = PBXFileReference; lastKnownFileType = text.plist.xml; path = Info.plist; sourceTree = "<group>"; };
		B03410F32B89AA8B00A3D160 /* FindMovieTests.xctest */ = {isa = PBXFileReference; explicitFileType = wrapper.cfbundle; includeInIndex = 0; path = FindMovieTests.xctest; sourceTree = BUILT_PRODUCTS_DIR; };
		B03410F72B89AA8B00A3D160 /* FindMovieTests.swift */ = {isa = PBXFileReference; lastKnownFileType = sourcecode.swift; path = FindMovieTests.swift; sourceTree = "<group>"; };
		B03410FD2B89AA8B00A3D160 /* FindMovieUITests.xctest */ = {isa = PBXFileReference; explicitFileType = wrapper.cfbundle; includeInIndex = 0; path = FindMovieUITests.xctest; sourceTree = BUILT_PRODUCTS_DIR; };
		B03411012B89AA8B00A3D160 /* FindMovieUITests.swift */ = {isa = PBXFileReference; lastKnownFileType = sourcecode.swift; path = FindMovieUITests.swift; sourceTree = "<group>"; };
		B03411032B89AA8B00A3D160 /* FindMovieUITestsLaunchTests.swift */ = {isa = PBXFileReference; lastKnownFileType = sourcecode.swift; path = FindMovieUITestsLaunchTests.swift; sourceTree = "<group>"; };
		B03411142B89B07D00A3D160 /* FindMovieViewController.swift */ = {isa = PBXFileReference; lastKnownFileType = sourcecode.swift; path = FindMovieViewController.swift; sourceTree = "<group>"; };
		B03411182B89B42400A3D160 /* ImageView.swift */ = {isa = PBXFileReference; lastKnownFileType = sourcecode.swift; path = ImageView.swift; sourceTree = "<group>"; };
		B034111A2B89B49F00A3D160 /* LabelView.swift */ = {isa = PBXFileReference; lastKnownFileType = sourcecode.swift; path = LabelView.swift; sourceTree = "<group>"; };
		B034111C2B89B4E600A3D160 /* StackView.swift */ = {isa = PBXFileReference; lastKnownFileType = sourcecode.swift; path = StackView.swift; sourceTree = "<group>"; };
		B03411232B89C63A00A3D160 /* MovieItemsCollectionViewCell.swift */ = {isa = PBXFileReference; lastKnownFileType = sourcecode.swift; path = MovieItemsCollectionViewCell.swift; sourceTree = "<group>"; };
		B03411262B89D7F000A3D160 /* AlamofireHttpClient.swift */ = {isa = PBXFileReference; lastKnownFileType = sourcecode.swift; path = AlamofireHttpClient.swift; sourceTree = "<group>"; };
		B03411282B89D81300A3D160 /* RestApi.swift */ = {isa = PBXFileReference; lastKnownFileType = sourcecode.swift; path = RestApi.swift; sourceTree = "<group>"; };
		B034112B2B89D8DE00A3D160 /* Combine+Ext.swift */ = {isa = PBXFileReference; lastKnownFileType = sourcecode.swift; path = "Combine+Ext.swift"; sourceTree = "<group>"; };
		B034112E2B89DAAA00A3D160 /* FindMovieUseCase.swift */ = {isa = PBXFileReference; lastKnownFileType = sourcecode.swift; path = FindMovieUseCase.swift; sourceTree = "<group>"; };
		B03411332B89DF2F00A3D160 /* FindMovieResponse.swift */ = {isa = PBXFileReference; lastKnownFileType = sourcecode.swift; path = FindMovieResponse.swift; sourceTree = "<group>"; };
		B03411352B89DF5600A3D160 /* FindMovieRequest.swift */ = {isa = PBXFileReference; lastKnownFileType = sourcecode.swift; path = FindMovieRequest.swift; sourceTree = "<group>"; };
		B03411382B89E05C00A3D160 /* FindMovieEntity.swift */ = {isa = PBXFileReference; lastKnownFileType = sourcecode.swift; path = FindMovieEntity.swift; sourceTree = "<group>"; };
		B034113A2B89E2F600A3D160 /* FindMovieProcessor.swift */ = {isa = PBXFileReference; lastKnownFileType = sourcecode.swift; path = FindMovieProcessor.swift; sourceTree = "<group>"; };
		B034113D2B89EABF00A3D160 /* ApiConfigManager.swift */ = {isa = PBXFileReference; lastKnownFileType = sourcecode.swift; path = ApiConfigManager.swift; sourceTree = "<group>"; };
		B034113F2B89EBFF00A3D160 /* FindMovieViewModel.swift */ = {isa = PBXFileReference; lastKnownFileType = sourcecode.swift; path = FindMovieViewModel.swift; sourceTree = "<group>"; };
		B03411412B8A08E700A3D160 /* ViewTypes.swift */ = {isa = PBXFileReference; lastKnownFileType = sourcecode.swift; path = ViewTypes.swift; sourceTree = "<group>"; };
		B03411432B8A560C00A3D160 /* String+Ext.swift */ = {isa = PBXFileReference; lastKnownFileType = sourcecode.swift; path = "String+Ext.swift"; sourceTree = "<group>"; };
		B03411472B8B16C300A3D160 /* NetworkManager.swift */ = {isa = PBXFileReference; lastKnownFileType = sourcecode.swift; path = NetworkManager.swift; sourceTree = "<group>"; };
		B03411492B8B19B800A3D160 /* ViewController+Ext.swift */ = {isa = PBXFileReference; lastKnownFileType = sourcecode.swift; path = "ViewController+Ext.swift"; sourceTree = "<group>"; };
		B91C172A18C0EF0B7BE60461 /* Pods-FindMovie-FindMovieUITests.debug.xcconfig */ = {isa = PBXFileReference; includeInIndex = 1; lastKnownFileType = text.xcconfig; name = "Pods-FindMovie-FindMovieUITests.debug.xcconfig"; path = "Target Support Files/Pods-FindMovie-FindMovieUITests/Pods-FindMovie-FindMovieUITests.debug.xcconfig"; sourceTree = "<group>"; };
		DE84A0DC069E6E675BC39FBD /* Pods-FindMovieTests.release.xcconfig */ = {isa = PBXFileReference; includeInIndex = 1; lastKnownFileType = text.xcconfig; name = "Pods-FindMovieTests.release.xcconfig"; path = "Target Support Files/Pods-FindMovieTests/Pods-FindMovieTests.release.xcconfig"; sourceTree = "<group>"; };
/* End PBXFileReference section */

/* Begin PBXFrameworksBuildPhase section */
		B03410DA2B89AA8900A3D160 /* Frameworks */ = {
			isa = PBXFrameworksBuildPhase;
			buildActionMask = 2147483647;
			files = (
				27BAF2B132B3435AA8BFC3AF /* Pods_FindMovie.framework in Frameworks */,
			);
			runOnlyForDeploymentPostprocessing = 0;
		};
		B03410F02B89AA8B00A3D160 /* Frameworks */ = {
			isa = PBXFrameworksBuildPhase;
			buildActionMask = 2147483647;
			files = (
				CA18726CB9148211EDCC07A9 /* Pods_FindMovieTests.framework in Frameworks */,
			);
			runOnlyForDeploymentPostprocessing = 0;
		};
		B03410FA2B89AA8B00A3D160 /* Frameworks */ = {
			isa = PBXFrameworksBuildPhase;
			buildActionMask = 2147483647;
			files = (
				7C4FAD52C5F19AB52B18E5CA /* Pods_FindMovie_FindMovieUITests.framework in Frameworks */,
			);
			runOnlyForDeploymentPostprocessing = 0;
		};
/* End PBXFrameworksBuildPhase section */

/* Begin PBXGroup section */
		58385D7CFACA5460BC32C6CC /* Frameworks */ = {
			isa = PBXGroup;
			children = (
				538345FDD6F63847847445F5 /* Pods_FindMovie.framework */,
				555CADFA9777F26897B4191C /* Pods_FindMovie_FindMovieUITests.framework */,
				A6672C22B83CA92C1799BC01 /* Pods_FindMovieTests.framework */,
			);
			name = Frameworks;
			sourceTree = "<group>";
		};
		9BFEDCC2D09F3A2F5F177113 /* Pods */ = {
			isa = PBXGroup;
			children = (
				41082A4FE808CE2C2F6CD78D /* Pods-FindMovie.debug.xcconfig */,
				2215B2E2814D7655441F3078 /* Pods-FindMovie.release.xcconfig */,
				B91C172A18C0EF0B7BE60461 /* Pods-FindMovie-FindMovieUITests.debug.xcconfig */,
				A6592D849CE2FC0E97BF6874 /* Pods-FindMovie-FindMovieUITests.release.xcconfig */,
				240859950030DCD7C96447EF /* Pods-FindMovieTests.debug.xcconfig */,
				DE84A0DC069E6E675BC39FBD /* Pods-FindMovieTests.release.xcconfig */,
			);
			path = Pods;
			sourceTree = "<group>";
		};
		B03410D42B89AA8900A3D160 = {
			isa = PBXGroup;
			children = (
				B03410DF2B89AA8900A3D160 /* FindMovie */,
				B03410F62B89AA8B00A3D160 /* FindMovieTests */,
				B03411002B89AA8B00A3D160 /* FindMovieUITests */,
				B03410DE2B89AA8900A3D160 /* Products */,
				9BFEDCC2D09F3A2F5F177113 /* Pods */,
				58385D7CFACA5460BC32C6CC /* Frameworks */,
			);
			sourceTree = "<group>";
		};
		B03410DE2B89AA8900A3D160 /* Products */ = {
			isa = PBXGroup;
			children = (
				B03410DD2B89AA8900A3D160 /* FindMovie.app */,
				B03410F32B89AA8B00A3D160 /* FindMovieTests.xctest */,
				B03410FD2B89AA8B00A3D160 /* FindMovieUITests.xctest */,
			);
			name = Products;
			sourceTree = "<group>";
		};
		B03410DF2B89AA8900A3D160 /* FindMovie */ = {
			isa = PBXGroup;
			children = (
				B03411302B89DF0B00A3D160 /* Data */,
				B03411162B89B40300A3D160 /* Core */,
				B03411122B89B03300A3D160 /* Scenes */,
				B03411102B89AF0300A3D160 /* Applications */,
				B03410E92B89AA8B00A3D160 /* Assets.xcassets */,
				B03410EB2B89AA8B00A3D160 /* LaunchScreen.storyboard */,
				B03410EE2B89AA8B00A3D160 /* Info.plist */,
			);
			path = FindMovie;
			sourceTree = "<group>";
		};
		B03410F62B89AA8B00A3D160 /* FindMovieTests */ = {
			isa = PBXGroup;
			children = (
				B03410F72B89AA8B00A3D160 /* FindMovieTests.swift */,
			);
			path = FindMovieTests;
			sourceTree = "<group>";
		};
		B03411002B89AA8B00A3D160 /* FindMovieUITests */ = {
			isa = PBXGroup;
			children = (
				B03411012B89AA8B00A3D160 /* FindMovieUITests.swift */,
				B03411032B89AA8B00A3D160 /* FindMovieUITestsLaunchTests.swift */,
			);
			path = FindMovieUITests;
			sourceTree = "<group>";
		};
		B03411102B89AF0300A3D160 /* Applications */ = {
			isa = PBXGroup;
			children = (
				B03410E02B89AA8900A3D160 /* AppDelegate.swift */,
				B03410E22B89AA8900A3D160 /* SceneDelegate.swift */,
			);
			path = Applications;
			sourceTree = "<group>";
		};
		B03411122B89B03300A3D160 /* Scenes */ = {
			isa = PBXGroup;
			children = (
				B03411132B89B03F00A3D160 /* MainPage */,
			);
			path = Scenes;
			sourceTree = "<group>";
		};
		B03411132B89B03F00A3D160 /* MainPage */ = {
			isa = PBXGroup;
			children = (
				B03411372B89DFF000A3D160 /* Entity */,
				B034112D2B89DA7B00A3D160 /* Domain */,
				B034111E2B89C5BB00A3D160 /* Views */,
				B03411142B89B07D00A3D160 /* FindMovieViewController.swift */,
				B034113F2B89EBFF00A3D160 /* FindMovieViewModel.swift */,
			);
			path = MainPage;
			sourceTree = "<group>";
		};
		B03411162B89B40300A3D160 /* Core */ = {
			isa = PBXGroup;
			children = (
				B034113C2B89E9E800A3D160 /* Utilities */,
				B034112A2B89D8CA00A3D160 /* Extensions */,
				B03411252B89D7D600A3D160 /* Networking */,
				B03411172B89B40800A3D160 /* UiComponents */,
			);
			path = Core;
			sourceTree = "<group>";
		};
		B03411172B89B40800A3D160 /* UiComponents */ = {
			isa = PBXGroup;
			children = (
				B03411182B89B42400A3D160 /* ImageView.swift */,
				B034111A2B89B49F00A3D160 /* LabelView.swift */,
				B034111C2B89B4E600A3D160 /* StackView.swift */,
			);
			path = UiComponents;
			sourceTree = "<group>";
		};
		B034111E2B89C5BB00A3D160 /* Views */ = {
			isa = PBXGroup;
			children = (
				B03411232B89C63A00A3D160 /* MovieItemsCollectionViewCell.swift */,
			);
			path = Views;
			sourceTree = "<group>";
		};
		B03411252B89D7D600A3D160 /* Networking */ = {
			isa = PBXGroup;
			children = (
				B03411262B89D7F000A3D160 /* AlamofireHttpClient.swift */,
				B03411282B89D81300A3D160 /* RestApi.swift */,
			);
			path = Networking;
			sourceTree = "<group>";
		};
		B034112A2B89D8CA00A3D160 /* Extensions */ = {
			isa = PBXGroup;
			children = (
				B034112B2B89D8DE00A3D160 /* Combine+Ext.swift */,
				B03411432B8A560C00A3D160 /* String+Ext.swift */,
				B03411492B8B19B800A3D160 /* ViewController+Ext.swift */,
			);
			path = Extensions;
			sourceTree = "<group>";
		};
		B034112D2B89DA7B00A3D160 /* Domain */ = {
			isa = PBXGroup;
			children = (
				B034112E2B89DAAA00A3D160 /* FindMovieUseCase.swift */,
				B034113A2B89E2F600A3D160 /* FindMovieProcessor.swift */,
			);
			path = Domain;
			sourceTree = "<group>";
		};
		B03411302B89DF0B00A3D160 /* Data */ = {
			isa = PBXGroup;
			children = (
				B03411322B89DF1B00A3D160 /* Response */,
				B03411312B89DF1100A3D160 /* Request */,
			);
			path = Data;
			sourceTree = "<group>";
		};
		B03411312B89DF1100A3D160 /* Request */ = {
			isa = PBXGroup;
			children = (
				B03411352B89DF5600A3D160 /* FindMovieRequest.swift */,
			);
			path = Request;
			sourceTree = "<group>";
		};
		B03411322B89DF1B00A3D160 /* Response */ = {
			isa = PBXGroup;
			children = (
				B03411332B89DF2F00A3D160 /* FindMovieResponse.swift */,
			);
			path = Response;
			sourceTree = "<group>";
		};
		B03411372B89DFF000A3D160 /* Entity */ = {
			isa = PBXGroup;
			children = (
				B03411382B89E05C00A3D160 /* FindMovieEntity.swift */,
			);
			path = Entity;
			sourceTree = "<group>";
		};
		B034113C2B89E9E800A3D160 /* Utilities */ = {
			isa = PBXGroup;
			children = (
				B034113D2B89EABF00A3D160 /* ApiConfigManager.swift */,
				B03411412B8A08E700A3D160 /* ViewTypes.swift */,
				B03411472B8B16C300A3D160 /* NetworkManager.swift */,
			);
			path = Utilities;
			sourceTree = "<group>";
		};
/* End PBXGroup section */

/* Begin PBXNativeTarget section */
		B03410DC2B89AA8900A3D160 /* FindMovie */ = {
			isa = PBXNativeTarget;
			buildConfigurationList = B03411072B89AA8B00A3D160 /* Build configuration list for PBXNativeTarget "FindMovie" */;
			buildPhases = (
				06B45A43B7DA51DC585DECF0 /* [CP] Check Pods Manifest.lock */,
				B03410D92B89AA8900A3D160 /* Sources */,
				B03410DA2B89AA8900A3D160 /* Frameworks */,
				B03410DB2B89AA8900A3D160 /* Resources */,
				FEFFE1A633C63715CF27331A /* [CP] Embed Pods Frameworks */,
			);
			buildRules = (
			);
			dependencies = (
			);
			name = FindMovie;
			productName = FindMovie;
			productReference = B03410DD2B89AA8900A3D160 /* FindMovie.app */;
			productType = "com.apple.product-type.application";
		};
		B03410F22B89AA8B00A3D160 /* FindMovieTests */ = {
			isa = PBXNativeTarget;
			buildConfigurationList = B034110A2B89AA8B00A3D160 /* Build configuration list for PBXNativeTarget "FindMovieTests" */;
			buildPhases = (
				F6D44B1AE61168F5FE7A1AA1 /* [CP] Check Pods Manifest.lock */,
				B03410EF2B89AA8B00A3D160 /* Sources */,
				B03410F02B89AA8B00A3D160 /* Frameworks */,
				B03410F12B89AA8B00A3D160 /* Resources */,
			);
			buildRules = (
			);
			dependencies = (
				B03410F52B89AA8B00A3D160 /* PBXTargetDependency */,
			);
			name = FindMovieTests;
			productName = FindMovieTests;
			productReference = B03410F32B89AA8B00A3D160 /* FindMovieTests.xctest */;
			productType = "com.apple.product-type.bundle.unit-test";
		};
		B03410FC2B89AA8B00A3D160 /* FindMovieUITests */ = {
			isa = PBXNativeTarget;
			buildConfigurationList = B034110D2B89AA8B00A3D160 /* Build configuration list for PBXNativeTarget "FindMovieUITests" */;
			buildPhases = (
				22890701318F31451F3FAD01 /* [CP] Check Pods Manifest.lock */,
				B03410F92B89AA8B00A3D160 /* Sources */,
				B03410FA2B89AA8B00A3D160 /* Frameworks */,
				B03410FB2B89AA8B00A3D160 /* Resources */,
				8A467A1C5BB1DA7E2D034B5A /* [CP] Embed Pods Frameworks */,
			);
			buildRules = (
			);
			dependencies = (
				B03410FF2B89AA8B00A3D160 /* PBXTargetDependency */,
			);
			name = FindMovieUITests;
			productName = FindMovieUITests;
			productReference = B03410FD2B89AA8B00A3D160 /* FindMovieUITests.xctest */;
			productType = "com.apple.product-type.bundle.ui-testing";
		};
/* End PBXNativeTarget section */

/* Begin PBXProject section */
		B03410D52B89AA8900A3D160 /* Project object */ = {
			isa = PBXProject;
			attributes = {
				BuildIndependentTargetsInParallel = 1;
				LastSwiftUpdateCheck = 1510;
				LastUpgradeCheck = 1510;
				TargetAttributes = {
					B03410DC2B89AA8900A3D160 = {
						CreatedOnToolsVersion = 15.1;
					};
					B03410F22B89AA8B00A3D160 = {
						CreatedOnToolsVersion = 15.1;
						TestTargetID = B03410DC2B89AA8900A3D160;
					};
					B03410FC2B89AA8B00A3D160 = {
						CreatedOnToolsVersion = 15.1;
						TestTargetID = B03410DC2B89AA8900A3D160;
					};
				};
			};
			buildConfigurationList = B03410D82B89AA8900A3D160 /* Build configuration list for PBXProject "FindMovie" */;
			compatibilityVersion = "Xcode 14.0";
			developmentRegion = en;
			hasScannedForEncodings = 0;
			knownRegions = (
				en,
				Base,
			);
			mainGroup = B03410D42B89AA8900A3D160;
			productRefGroup = B03410DE2B89AA8900A3D160 /* Products */;
			projectDirPath = "";
			projectRoot = "";
			targets = (
				B03410DC2B89AA8900A3D160 /* FindMovie */,
				B03410F22B89AA8B00A3D160 /* FindMovieTests */,
				B03410FC2B89AA8B00A3D160 /* FindMovieUITests */,
			);
		};
/* End PBXProject section */

/* Begin PBXResourcesBuildPhase section */
		B03410DB2B89AA8900A3D160 /* Resources */ = {
			isa = PBXResourcesBuildPhase;
			buildActionMask = 2147483647;
			files = (
				B03410ED2B89AA8B00A3D160 /* LaunchScreen.storyboard in Resources */,
				B03410EA2B89AA8B00A3D160 /* Assets.xcassets in Resources */,
			);
			runOnlyForDeploymentPostprocessing = 0;
		};
		B03410F12B89AA8B00A3D160 /* Resources */ = {
			isa = PBXResourcesBuildPhase;
			buildActionMask = 2147483647;
			files = (
			);
			runOnlyForDeploymentPostprocessing = 0;
		};
		B03410FB2B89AA8B00A3D160 /* Resources */ = {
			isa = PBXResourcesBuildPhase;
			buildActionMask = 2147483647;
			files = (
			);
			runOnlyForDeploymentPostprocessing = 0;
		};
/* End PBXResourcesBuildPhase section */

/* Begin PBXShellScriptBuildPhase section */
		06B45A43B7DA51DC585DECF0 /* [CP] Check Pods Manifest.lock */ = {
			isa = PBXShellScriptBuildPhase;
			buildActionMask = 2147483647;
			files = (
			);
			inputFileListPaths = (
			);
			inputPaths = (
				"${PODS_PODFILE_DIR_PATH}/Podfile.lock",
				"${PODS_ROOT}/Manifest.lock",
			);
			name = "[CP] Check Pods Manifest.lock";
			outputFileListPaths = (
			);
			outputPaths = (
				"$(DERIVED_FILE_DIR)/Pods-FindMovie-checkManifestLockResult.txt",
			);
			runOnlyForDeploymentPostprocessing = 0;
			shellPath = /bin/sh;
			shellScript = "diff \"${PODS_PODFILE_DIR_PATH}/Podfile.lock\" \"${PODS_ROOT}/Manifest.lock\" > /dev/null\nif [ $? != 0 ] ; then\n    # print error to STDERR\n    echo \"error: The sandbox is not in sync with the Podfile.lock. Run 'pod install' or update your CocoaPods installation.\" >&2\n    exit 1\nfi\n# This output is used by Xcode 'outputs' to avoid re-running this script phase.\necho \"SUCCESS\" > \"${SCRIPT_OUTPUT_FILE_0}\"\n";
			showEnvVarsInLog = 0;
		};
		22890701318F31451F3FAD01 /* [CP] Check Pods Manifest.lock */ = {
			isa = PBXShellScriptBuildPhase;
			buildActionMask = 2147483647;
			files = (
			);
			inputFileListPaths = (
			);
			inputPaths = (
				"${PODS_PODFILE_DIR_PATH}/Podfile.lock",
				"${PODS_ROOT}/Manifest.lock",
			);
			name = "[CP] Check Pods Manifest.lock";
			outputFileListPaths = (
			);
			outputPaths = (
				"$(DERIVED_FILE_DIR)/Pods-FindMovie-FindMovieUITests-checkManifestLockResult.txt",
			);
			runOnlyForDeploymentPostprocessing = 0;
			shellPath = /bin/sh;
			shellScript = "diff \"${PODS_PODFILE_DIR_PATH}/Podfile.lock\" \"${PODS_ROOT}/Manifest.lock\" > /dev/null\nif [ $? != 0 ] ; then\n    # print error to STDERR\n    echo \"error: The sandbox is not in sync with the Podfile.lock. Run 'pod install' or update your CocoaPods installation.\" >&2\n    exit 1\nfi\n# This output is used by Xcode 'outputs' to avoid re-running this script phase.\necho \"SUCCESS\" > \"${SCRIPT_OUTPUT_FILE_0}\"\n";
			showEnvVarsInLog = 0;
		};
		8A467A1C5BB1DA7E2D034B5A /* [CP] Embed Pods Frameworks */ = {
			isa = PBXShellScriptBuildPhase;
			buildActionMask = 2147483647;
			files = (
			);
			inputFileListPaths = (
				"${PODS_ROOT}/Target Support Files/Pods-FindMovie-FindMovieUITests/Pods-FindMovie-FindMovieUITests-frameworks-${CONFIGURATION}-input-files.xcfilelist",
			);
			name = "[CP] Embed Pods Frameworks";
			outputFileListPaths = (
				"${PODS_ROOT}/Target Support Files/Pods-FindMovie-FindMovieUITests/Pods-FindMovie-FindMovieUITests-frameworks-${CONFIGURATION}-output-files.xcfilelist",
			);
			runOnlyForDeploymentPostprocessing = 0;
			shellPath = /bin/sh;
			shellScript = "\"${PODS_ROOT}/Target Support Files/Pods-FindMovie-FindMovieUITests/Pods-FindMovie-FindMovieUITests-frameworks.sh\"\n";
			showEnvVarsInLog = 0;
		};
		F6D44B1AE61168F5FE7A1AA1 /* [CP] Check Pods Manifest.lock */ = {
			isa = PBXShellScriptBuildPhase;
			buildActionMask = 2147483647;
			files = (
			);
			inputFileListPaths = (
			);
			inputPaths = (
				"${PODS_PODFILE_DIR_PATH}/Podfile.lock",
				"${PODS_ROOT}/Manifest.lock",
			);
			name = "[CP] Check Pods Manifest.lock";
			outputFileListPaths = (
			);
			outputPaths = (
				"$(DERIVED_FILE_DIR)/Pods-FindMovieTests-checkManifestLockResult.txt",
			);
			runOnlyForDeploymentPostprocessing = 0;
			shellPath = /bin/sh;
			shellScript = "diff \"${PODS_PODFILE_DIR_PATH}/Podfile.lock\" \"${PODS_ROOT}/Manifest.lock\" > /dev/null\nif [ $? != 0 ] ; then\n    # print error to STDERR\n    echo \"error: The sandbox is not in sync with the Podfile.lock. Run 'pod install' or update your CocoaPods installation.\" >&2\n    exit 1\nfi\n# This output is used by Xcode 'outputs' to avoid re-running this script phase.\necho \"SUCCESS\" > \"${SCRIPT_OUTPUT_FILE_0}\"\n";
			showEnvVarsInLog = 0;
		};
		FEFFE1A633C63715CF27331A /* [CP] Embed Pods Frameworks */ = {
			isa = PBXShellScriptBuildPhase;
			buildActionMask = 2147483647;
			files = (
			);
			inputFileListPaths = (
				"${PODS_ROOT}/Target Support Files/Pods-FindMovie/Pods-FindMovie-frameworks-${CONFIGURATION}-input-files.xcfilelist",
			);
			name = "[CP] Embed Pods Frameworks";
			outputFileListPaths = (
				"${PODS_ROOT}/Target Support Files/Pods-FindMovie/Pods-FindMovie-frameworks-${CONFIGURATION}-output-files.xcfilelist",
			);
			runOnlyForDeploymentPostprocessing = 0;
			shellPath = /bin/sh;
			shellScript = "\"${PODS_ROOT}/Target Support Files/Pods-FindMovie/Pods-FindMovie-frameworks.sh\"\n";
			showEnvVarsInLog = 0;
		};
/* End PBXShellScriptBuildPhase section */

/* Begin PBXSourcesBuildPhase section */
		B03410D92B89AA8900A3D160 /* Sources */ = {
			isa = PBXSourcesBuildPhase;
			buildActionMask = 2147483647;
			files = (
				B034113B2B89E2F600A3D160 /* FindMovieProcessor.swift in Sources */,
				B03411362B89DF5600A3D160 /* FindMovieRequest.swift in Sources */,
				B03411192B89B42400A3D160 /* ImageView.swift in Sources */,
				B03411152B89B07D00A3D160 /* FindMovieViewController.swift in Sources */,
				B03410E12B89AA8900A3D160 /* AppDelegate.swift in Sources */,
				B034112F2B89DAAA00A3D160 /* FindMovieUseCase.swift in Sources */,
				B034112C2B89D8DE00A3D160 /* Combine+Ext.swift in Sources */,
				B03411272B89D7F000A3D160 /* AlamofireHttpClient.swift in Sources */,
				B034114A2B8B19B800A3D160 /* ViewController+Ext.swift in Sources */,
				B03410E32B89AA8900A3D160 /* SceneDelegate.swift in Sources */,
				B034111B2B89B49F00A3D160 /* LabelView.swift in Sources */,
				B034111D2B89B4E600A3D160 /* StackView.swift in Sources */,
				B03411242B89C63A00A3D160 /* MovieItemsCollectionViewCell.swift in Sources */,
				B03411482B8B16C300A3D160 /* NetworkManager.swift in Sources */,
				B03411402B89EBFF00A3D160 /* FindMovieViewModel.swift in Sources */,
				B03411442B8A560C00A3D160 /* String+Ext.swift in Sources */,
				B034113E2B89EABF00A3D160 /* ApiConfigManager.swift in Sources */,
				B03411342B89DF2F00A3D160 /* FindMovieResponse.swift in Sources */,
				B03411392B89E05C00A3D160 /* FindMovieEntity.swift in Sources */,
				B03411422B8A08E700A3D160 /* ViewTypes.swift in Sources */,
				B03411292B89D81300A3D160 /* RestApi.swift in Sources */,
			);
			runOnlyForDeploymentPostprocessing = 0;
		};
		B03410EF2B89AA8B00A3D160 /* Sources */ = {
			isa = PBXSourcesBuildPhase;
			buildActionMask = 2147483647;
			files = (
				B03410F82B89AA8B00A3D160 /* FindMovieTests.swift in Sources */,
			);
			runOnlyForDeploymentPostprocessing = 0;
		};
		B03410F92B89AA8B00A3D160 /* Sources */ = {
			isa = PBXSourcesBuildPhase;
			buildActionMask = 2147483647;
			files = (
				B03411042B89AA8B00A3D160 /* FindMovieUITestsLaunchTests.swift in Sources */,
				B03411022B89AA8B00A3D160 /* FindMovieUITests.swift in Sources */,
			);
			runOnlyForDeploymentPostprocessing = 0;
		};
/* End PBXSourcesBuildPhase section */

/* Begin PBXTargetDependency section */
		B03410F52B89AA8B00A3D160 /* PBXTargetDependency */ = {
			isa = PBXTargetDependency;
			target = B03410DC2B89AA8900A3D160 /* FindMovie */;
			targetProxy = B03410F42B89AA8B00A3D160 /* PBXContainerItemProxy */;
		};
		B03410FF2B89AA8B00A3D160 /* PBXTargetDependency */ = {
			isa = PBXTargetDependency;
			target = B03410DC2B89AA8900A3D160 /* FindMovie */;
			targetProxy = B03410FE2B89AA8B00A3D160 /* PBXContainerItemProxy */;
		};
/* End PBXTargetDependency section */

/* Begin PBXVariantGroup section */
		B03410EB2B89AA8B00A3D160 /* LaunchScreen.storyboard */ = {
			isa = PBXVariantGroup;
			children = (
				B03410EC2B89AA8B00A3D160 /* Base */,
			);
			name = LaunchScreen.storyboard;
			sourceTree = "<group>";
		};
/* End PBXVariantGroup section */

/* Begin XCBuildConfiguration section */
		B03411052B89AA8B00A3D160 /* Debug */ = {
			isa = XCBuildConfiguration;
			buildSettings = {
				ALWAYS_SEARCH_USER_PATHS = NO;
				ASSETCATALOG_COMPILER_GENERATE_SWIFT_ASSET_SYMBOL_EXTENSIONS = YES;
				CLANG_ANALYZER_NONNULL = YES;
				CLANG_ANALYZER_NUMBER_OBJECT_CONVERSION = YES_AGGRESSIVE;
				CLANG_CXX_LANGUAGE_STANDARD = "gnu++20";
				CLANG_ENABLE_MODULES = YES;
				CLANG_ENABLE_OBJC_ARC = YES;
				CLANG_ENABLE_OBJC_WEAK = YES;
				CLANG_WARN_BLOCK_CAPTURE_AUTORELEASING = YES;
				CLANG_WARN_BOOL_CONVERSION = YES;
				CLANG_WARN_COMMA = YES;
				CLANG_WARN_CONSTANT_CONVERSION = YES;
				CLANG_WARN_DEPRECATED_OBJC_IMPLEMENTATIONS = YES;
				CLANG_WARN_DIRECT_OBJC_ISA_USAGE = YES_ERROR;
				CLANG_WARN_DOCUMENTATION_COMMENTS = YES;
				CLANG_WARN_EMPTY_BODY = YES;
				CLANG_WARN_ENUM_CONVERSION = YES;
				CLANG_WARN_INFINITE_RECURSION = YES;
				CLANG_WARN_INT_CONVERSION = YES;
				CLANG_WARN_NON_LITERAL_NULL_CONVERSION = YES;
				CLANG_WARN_OBJC_IMPLICIT_RETAIN_SELF = YES;
				CLANG_WARN_OBJC_LITERAL_CONVERSION = YES;
				CLANG_WARN_OBJC_ROOT_CLASS = YES_ERROR;
				CLANG_WARN_QUOTED_INCLUDE_IN_FRAMEWORK_HEADER = YES;
				CLANG_WARN_RANGE_LOOP_ANALYSIS = YES;
				CLANG_WARN_STRICT_PROTOTYPES = YES;
				CLANG_WARN_SUSPICIOUS_MOVE = YES;
				CLANG_WARN_UNGUARDED_AVAILABILITY = YES_AGGRESSIVE;
				CLANG_WARN_UNREACHABLE_CODE = YES;
				CLANG_WARN__DUPLICATE_METHOD_MATCH = YES;
				COPY_PHASE_STRIP = NO;
				DEBUG_INFORMATION_FORMAT = dwarf;
				ENABLE_STRICT_OBJC_MSGSEND = YES;
				ENABLE_TESTABILITY = YES;
				ENABLE_USER_SCRIPT_SANDBOXING = NO;
				GCC_C_LANGUAGE_STANDARD = gnu17;
				GCC_DYNAMIC_NO_PIC = NO;
				GCC_NO_COMMON_BLOCKS = YES;
				GCC_OPTIMIZATION_LEVEL = 0;
				GCC_PREPROCESSOR_DEFINITIONS = (
					"DEBUG=1",
					"$(inherited)",
				);
				GCC_WARN_64_TO_32_BIT_CONVERSION = YES;
				GCC_WARN_ABOUT_RETURN_TYPE = YES_ERROR;
				GCC_WARN_UNDECLARED_SELECTOR = YES;
				GCC_WARN_UNINITIALIZED_AUTOS = YES_AGGRESSIVE;
				GCC_WARN_UNUSED_FUNCTION = YES;
				GCC_WARN_UNUSED_VARIABLE = YES;
				IPHONEOS_DEPLOYMENT_TARGET = 14.0;
				LOCALIZATION_PREFERS_STRING_CATALOGS = YES;
				MTL_ENABLE_DEBUG_INFO = INCLUDE_SOURCE;
				MTL_FAST_MATH = YES;
				ONLY_ACTIVE_ARCH = YES;
				SDKROOT = iphoneos;
				SWIFT_ACTIVE_COMPILATION_CONDITIONS = "DEBUG $(inherited)";
				SWIFT_OPTIMIZATION_LEVEL = "-Onone";
			};
			name = Debug;
		};
		B03411062B89AA8B00A3D160 /* Release */ = {
			isa = XCBuildConfiguration;
			buildSettings = {
				ALWAYS_SEARCH_USER_PATHS = NO;
				ASSETCATALOG_COMPILER_GENERATE_SWIFT_ASSET_SYMBOL_EXTENSIONS = YES;
				CLANG_ANALYZER_NONNULL = YES;
				CLANG_ANALYZER_NUMBER_OBJECT_CONVERSION = YES_AGGRESSIVE;
				CLANG_CXX_LANGUAGE_STANDARD = "gnu++20";
				CLANG_ENABLE_MODULES = YES;
				CLANG_ENABLE_OBJC_ARC = YES;
				CLANG_ENABLE_OBJC_WEAK = YES;
				CLANG_WARN_BLOCK_CAPTURE_AUTORELEASING = YES;
				CLANG_WARN_BOOL_CONVERSION = YES;
				CLANG_WARN_COMMA = YES;
				CLANG_WARN_CONSTANT_CONVERSION = YES;
				CLANG_WARN_DEPRECATED_OBJC_IMPLEMENTATIONS = YES;
				CLANG_WARN_DIRECT_OBJC_ISA_USAGE = YES_ERROR;
				CLANG_WARN_DOCUMENTATION_COMMENTS = YES;
				CLANG_WARN_EMPTY_BODY = YES;
				CLANG_WARN_ENUM_CONVERSION = YES;
				CLANG_WARN_INFINITE_RECURSION = YES;
				CLANG_WARN_INT_CONVERSION = YES;
				CLANG_WARN_NON_LITERAL_NULL_CONVERSION = YES;
				CLANG_WARN_OBJC_IMPLICIT_RETAIN_SELF = YES;
				CLANG_WARN_OBJC_LITERAL_CONVERSION = YES;
				CLANG_WARN_OBJC_ROOT_CLASS = YES_ERROR;
				CLANG_WARN_QUOTED_INCLUDE_IN_FRAMEWORK_HEADER = YES;
				CLANG_WARN_RANGE_LOOP_ANALYSIS = YES;
				CLANG_WARN_STRICT_PROTOTYPES = YES;
				CLANG_WARN_SUSPICIOUS_MOVE = YES;
				CLANG_WARN_UNGUARDED_AVAILABILITY = YES_AGGRESSIVE;
				CLANG_WARN_UNREACHABLE_CODE = YES;
				CLANG_WARN__DUPLICATE_METHOD_MATCH = YES;
				COPY_PHASE_STRIP = NO;
				DEBUG_INFORMATION_FORMAT = "dwarf-with-dsym";
				ENABLE_NS_ASSERTIONS = NO;
				ENABLE_STRICT_OBJC_MSGSEND = YES;
				ENABLE_USER_SCRIPT_SANDBOXING = NO;
				GCC_C_LANGUAGE_STANDARD = gnu17;
				GCC_NO_COMMON_BLOCKS = YES;
				GCC_WARN_64_TO_32_BIT_CONVERSION = YES;
				GCC_WARN_ABOUT_RETURN_TYPE = YES_ERROR;
				GCC_WARN_UNDECLARED_SELECTOR = YES;
				GCC_WARN_UNINITIALIZED_AUTOS = YES_AGGRESSIVE;
				GCC_WARN_UNUSED_FUNCTION = YES;
				GCC_WARN_UNUSED_VARIABLE = YES;
				IPHONEOS_DEPLOYMENT_TARGET = 14.0;
				LOCALIZATION_PREFERS_STRING_CATALOGS = YES;
				MTL_ENABLE_DEBUG_INFO = NO;
				MTL_FAST_MATH = YES;
				SDKROOT = iphoneos;
				SWIFT_COMPILATION_MODE = wholemodule;
				VALIDATE_PRODUCT = YES;
			};
			name = Release;
		};
		B03411082B89AA8B00A3D160 /* Debug */ = {
			isa = XCBuildConfiguration;
			baseConfigurationReference = 41082A4FE808CE2C2F6CD78D /* Pods-FindMovie.debug.xcconfig */;
			buildSettings = {
				ASSETCATALOG_COMPILER_APPICON_NAME = AppIcon;
				ASSETCATALOG_COMPILER_GLOBAL_ACCENT_COLOR_NAME = AccentColor;
				CODE_SIGN_STYLE = Automatic;
				CURRENT_PROJECT_VERSION = 1;
				DEVELOPMENT_TEAM = BTP3P5U2W5;
				ENABLE_USER_SCRIPT_SANDBOXING = NO;
				GENERATE_INFOPLIST_FILE = YES;
				INFOPLIST_FILE = FindMovie/Info.plist;
				INFOPLIST_KEY_UIApplicationSupportsIndirectInputEvents = YES;
				INFOPLIST_KEY_UILaunchStoryboardName = LaunchScreen;
				INFOPLIST_KEY_UISupportedInterfaceOrientations_iPad = "UIInterfaceOrientationPortrait UIInterfaceOrientationPortraitUpsideDown UIInterfaceOrientationLandscapeLeft UIInterfaceOrientationLandscapeRight";
				INFOPLIST_KEY_UISupportedInterfaceOrientations_iPhone = "UIInterfaceOrientationPortrait UIInterfaceOrientationLandscapeLeft UIInterfaceOrientationLandscapeRight";
				IPHONEOS_DEPLOYMENT_TARGET = 14.0;
				LD_RUNPATH_SEARCH_PATHS = (
					"$(inherited)",
					"@executable_path/Frameworks",
				);
				MARKETING_VERSION = 1.0;
				PRODUCT_BUNDLE_IDENTIFIER = com.miftah.FindMovie;
				PRODUCT_NAME = "$(TARGET_NAME)";
				SWIFT_EMIT_LOC_STRINGS = YES;
				SWIFT_VERSION = 5.0;
				TARGETED_DEVICE_FAMILY = "1,2";
			};
			name = Debug;
		};
		B03411092B89AA8B00A3D160 /* Release */ = {
			isa = XCBuildConfiguration;
			baseConfigurationReference = 2215B2E2814D7655441F3078 /* Pods-FindMovie.release.xcconfig */;
			buildSettings = {
				ASSETCATALOG_COMPILER_APPICON_NAME = AppIcon;
				ASSETCATALOG_COMPILER_GLOBAL_ACCENT_COLOR_NAME = AccentColor;
				CODE_SIGN_STYLE = Automatic;
				CURRENT_PROJECT_VERSION = 1;
				DEVELOPMENT_TEAM = BTP3P5U2W5;
				ENABLE_USER_SCRIPT_SANDBOXING = NO;
				GENERATE_INFOPLIST_FILE = YES;
				INFOPLIST_FILE = FindMovie/Info.plist;
				INFOPLIST_KEY_UIApplicationSupportsIndirectInputEvents = YES;
				INFOPLIST_KEY_UILaunchStoryboardName = LaunchScreen;
				INFOPLIST_KEY_UISupportedInterfaceOrientations_iPad = "UIInterfaceOrientationPortrait UIInterfaceOrientationPortraitUpsideDown UIInterfaceOrientationLandscapeLeft UIInterfaceOrientationLandscapeRight";
				INFOPLIST_KEY_UISupportedInterfaceOrientations_iPhone = "UIInterfaceOrientationPortrait UIInterfaceOrientationLandscapeLeft UIInterfaceOrientationLandscapeRight";
				IPHONEOS_DEPLOYMENT_TARGET = 14.0;
				LD_RUNPATH_SEARCH_PATHS = (
					"$(inherited)",
					"@executable_path/Frameworks",
				);
				MARKETING_VERSION = 1.0;
				PRODUCT_BUNDLE_IDENTIFIER = com.miftah.FindMovie;
				PRODUCT_NAME = "$(TARGET_NAME)";
				SWIFT_EMIT_LOC_STRINGS = YES;
				SWIFT_VERSION = 5.0;
				TARGETED_DEVICE_FAMILY = "1,2";
			};
			name = Release;
		};
		B034110B2B89AA8B00A3D160 /* Debug */ = {
			isa = XCBuildConfiguration;
			baseConfigurationReference = 240859950030DCD7C96447EF /* Pods-FindMovieTests.debug.xcconfig */;
			buildSettings = {
				ALWAYS_EMBED_SWIFT_STANDARD_LIBRARIES = YES;
				BUNDLE_LOADER = "$(TEST_HOST)";
				CODE_SIGN_STYLE = Automatic;
				CURRENT_PROJECT_VERSION = 1;
				DEVELOPMENT_TEAM = BTP3P5U2W5;
				GENERATE_INFOPLIST_FILE = YES;
				IPHONEOS_DEPLOYMENT_TARGET = 17.2;
				MARKETING_VERSION = 1.0;
				PRODUCT_BUNDLE_IDENTIFIER = com.miftah.FindMovieTests;
				PRODUCT_NAME = "$(TARGET_NAME)";
				SWIFT_EMIT_LOC_STRINGS = NO;
				SWIFT_VERSION = 5.0;
				TARGETED_DEVICE_FAMILY = "1,2";
				TEST_HOST = "$(BUILT_PRODUCTS_DIR)/FindMovie.app/$(BUNDLE_EXECUTABLE_FOLDER_PATH)/FindMovie";
			};
			name = Debug;
		};
		B034110C2B89AA8B00A3D160 /* Release */ = {
			isa = XCBuildConfiguration;
			baseConfigurationReference = DE84A0DC069E6E675BC39FBD /* Pods-FindMovieTests.release.xcconfig */;
			buildSettings = {
				ALWAYS_EMBED_SWIFT_STANDARD_LIBRARIES = YES;
				BUNDLE_LOADER = "$(TEST_HOST)";
				CODE_SIGN_STYLE = Automatic;
				CURRENT_PROJECT_VERSION = 1;
				DEVELOPMENT_TEAM = BTP3P5U2W5;
				GENERATE_INFOPLIST_FILE = YES;
				IPHONEOS_DEPLOYMENT_TARGET = 17.2;
				MARKETING_VERSION = 1.0;
				PRODUCT_BUNDLE_IDENTIFIER = com.miftah.FindMovieTests;
				PRODUCT_NAME = "$(TARGET_NAME)";
				SWIFT_EMIT_LOC_STRINGS = NO;
				SWIFT_VERSION = 5.0;
				TARGETED_DEVICE_FAMILY = "1,2";
				TEST_HOST = "$(BUILT_PRODUCTS_DIR)/FindMovie.app/$(BUNDLE_EXECUTABLE_FOLDER_PATH)/FindMovie";
			};
			name = Release;
		};
		B034110E2B89AA8B00A3D160 /* Debug */ = {
			isa = XCBuildConfiguration;
			baseConfigurationReference = B91C172A18C0EF0B7BE60461 /* Pods-FindMovie-FindMovieUITests.debug.xcconfig */;
			buildSettings = {
				ALWAYS_EMBED_SWIFT_STANDARD_LIBRARIES = YES;
				CODE_SIGN_STYLE = Automatic;
				CURRENT_PROJECT_VERSION = 1;
				DEVELOPMENT_TEAM = BTP3P5U2W5;
				GENERATE_INFOPLIST_FILE = YES;
				MARKETING_VERSION = 1.0;
				PRODUCT_BUNDLE_IDENTIFIER = com.miftah.FindMovieUITests;
				PRODUCT_NAME = "$(TARGET_NAME)";
				SWIFT_EMIT_LOC_STRINGS = NO;
				SWIFT_VERSION = 5.0;
				TARGETED_DEVICE_FAMILY = "1,2";
				TEST_TARGET_NAME = FindMovie;
			};
			name = Debug;
		};
		B034110F2B89AA8B00A3D160 /* Release */ = {
			isa = XCBuildConfiguration;
			baseConfigurationReference = A6592D849CE2FC0E97BF6874 /* Pods-FindMovie-FindMovieUITests.release.xcconfig */;
			buildSettings = {
				ALWAYS_EMBED_SWIFT_STANDARD_LIBRARIES = YES;
				CODE_SIGN_STYLE = Automatic;
				CURRENT_PROJECT_VERSION = 1;
				DEVELOPMENT_TEAM = BTP3P5U2W5;
				GENERATE_INFOPLIST_FILE = YES;
				MARKETING_VERSION = 1.0;
				PRODUCT_BUNDLE_IDENTIFIER = com.miftah.FindMovieUITests;
				PRODUCT_NAME = "$(TARGET_NAME)";
				SWIFT_EMIT_LOC_STRINGS = NO;
				SWIFT_VERSION = 5.0;
				TARGETED_DEVICE_FAMILY = "1,2";
				TEST_TARGET_NAME = FindMovie;
			};
			name = Release;
		};
/* End XCBuildConfiguration section */

/* Begin XCConfigurationList section */
		B03410D82B89AA8900A3D160 /* Build configuration list for PBXProject "FindMovie" */ = {
			isa = XCConfigurationList;
			buildConfigurations = (
				B03411052B89AA8B00A3D160 /* Debug */,
				B03411062B89AA8B00A3D160 /* Release */,
			);
			defaultConfigurationIsVisible = 0;
			defaultConfigurationName = Release;
		};
		B03411072B89AA8B00A3D160 /* Build configuration list for PBXNativeTarget "FindMovie" */ = {
			isa = XCConfigurationList;
			buildConfigurations = (
				B03411082B89AA8B00A3D160 /* Debug */,
				B03411092B89AA8B00A3D160 /* Release */,
			);
			defaultConfigurationIsVisible = 0;
			defaultConfigurationName = Release;
		};
		B034110A2B89AA8B00A3D160 /* Build configuration list for PBXNativeTarget "FindMovieTests" */ = {
			isa = XCConfigurationList;
			buildConfigurations = (
				B034110B2B89AA8B00A3D160 /* Debug */,
				B034110C2B89AA8B00A3D160 /* Release */,
			);
			defaultConfigurationIsVisible = 0;
			defaultConfigurationName = Release;
		};
		B034110D2B89AA8B00A3D160 /* Build configuration list for PBXNativeTarget "FindMovieUITests" */ = {
			isa = XCConfigurationList;
			buildConfigurations = (
				B034110E2B89AA8B00A3D160 /* Debug */,
				B034110F2B89AA8B00A3D160 /* Release */,
			);
			defaultConfigurationIsVisible = 0;
			defaultConfigurationName = Release;
		};
/* End XCConfigurationList section */
	};
	rootObject = B03410D52B89AA8900A3D160 /* Project object */;
}
